// !$*UTF8*$!
{
	archiveVersion = 1;
	classes = {
	};
	objectVersion = 46;
	objects = {

/* Begin PBXBuildFile section */
		EB0F0BB11D3C246000DAD2AF /* Meal.swift in Sources */ = {isa = PBXBuildFile; fileRef = EB0F0BB01D3C246000DAD2AF /* Meal.swift */; };
		EB0F0BB21D3C246000DAD2AF /* Meal.swift in Sources */ = {isa = PBXBuildFile; fileRef = EB0F0BB01D3C246000DAD2AF /* Meal.swift */; };
		EB39819D1D397835007474F3 /* RatingControl.swift in Sources */ = {isa = PBXBuildFile; fileRef = EB39819C1D397835007474F3 /* RatingControl.swift */; };
		EBBFDF6F1D3C2BAA00AEAB19 /* MealTableViewCell.swift in Sources */ = {isa = PBXBuildFile; fileRef = EBBFDF6E1D3C2BAA00AEAB19 /* MealTableViewCell.swift */; };
		EBE954E41D36E4680008C2EE /* AppDelegate.swift in Sources */ = {isa = PBXBuildFile; fileRef = EBE954E31D36E4680008C2EE /* AppDelegate.swift */; };
		EBE954E61D36E4680008C2EE /* ViewController.swift in Sources */ = {isa = PBXBuildFile; fileRef = EBE954E51D36E4680008C2EE /* ViewController.swift */; };
		EBE954E91D36E4680008C2EE /* Main.storyboard in Resources */ = {isa = PBXBuildFile; fileRef = EBE954E71D36E4680008C2EE /* Main.storyboard */; };
		EBE954EB1D36E4680008C2EE /* Assets.xcassets in Resources */ = {isa = PBXBuildFile; fileRef = EBE954EA1D36E4680008C2EE /* Assets.xcassets */; };
		EBE954EE1D36E4680008C2EE /* LaunchScreen.storyboard in Resources */ = {isa = PBXBuildFile; fileRef = EBE954EC1D36E4680008C2EE /* LaunchScreen.storyboard */; };
		EBE954F91D36E4680008C2EE /* FoodTrackerTests.swift in Sources */ = {isa = PBXBuildFile; fileRef = EBE954F81D36E4680008C2EE /* FoodTrackerTests.swift */; };
/* End PBXBuildFile section */

/* Begin PBXContainerItemProxy section */
		EBE954F51D36E4680008C2EE /* PBXContainerItemProxy */ = {
			isa = PBXContainerItemProxy;
			containerPortal = EBE954D81D36E4680008C2EE /* Project object */;
			proxyType = 1;
			remoteGlobalIDString = EBE954DF1D36E4680008C2EE;
			remoteInfo = FoodTracker;
		};
/* End PBXContainerItemProxy section */

/* Begin PBXFileReference section */
		EB0F0BB01D3C246000DAD2AF /* Meal.swift */ = {isa = PBXFileReference; fileEncoding = 4; lastKnownFileType = sourcecode.swift; path = Meal.swift; sourceTree = "<group>"; };
		EB39819C1D397835007474F3 /* RatingControl.swift */ = {isa = PBXFileReference; fileEncoding = 4; lastKnownFileType = sourcecode.swift; path = RatingControl.swift; sourceTree = "<group>"; };
		EBBFDF6E1D3C2BAA00AEAB19 /* MealTableViewCell.swift */ = {isa = PBXFileReference; fileEncoding = 4; lastKnownFileType = sourcecode.swift; path = MealTableViewCell.swift; sourceTree = "<group>"; };
		EBE954E01D36E4680008C2EE /* FoodTracker.app */ = {isa = PBXFileReference; explicitFileType = wrapper.application; includeInIndex = 0; path = FoodTracker.app; sourceTree = BUILT_PRODUCTS_DIR; };
		EBE954E31D36E4680008C2EE /* AppDelegate.swift */ = {isa = PBXFileReference; lastKnownFileType = sourcecode.swift; path = AppDelegate.swift; sourceTree = "<group>"; };
		EBE954E51D36E4680008C2EE /* ViewController.swift */ = {isa = PBXFileReference; lastKnownFileType = sourcecode.swift; path = ViewController.swift; sourceTree = "<group>"; };
		EBE954E81D36E4680008C2EE /* Base */ = {isa = PBXFileReference; lastKnownFileType = file.storyboard; name = Base; path = Base.lproj/Main.storyboard; sourceTree = "<group>"; };
		EBE954EA1D36E4680008C2EE /* Assets.xcassets */ = {isa = PBXFileReference; lastKnownFileType = folder.assetcatalog; path = Assets.xcassets; sourceTree = "<group>"; };
		EBE954ED1D36E4680008C2EE /* Base */ = {isa = PBXFileReference; lastKnownFileType = file.storyboard; name = Base; path = Base.lproj/LaunchScreen.storyboard; sourceTree = "<group>"; };
		EBE954EF1D36E4680008C2EE /* Info.plist */ = {isa = PBXFileReference; lastKnownFileType = text.plist.xml; path = Info.plist; sourceTree = "<group>"; };
		EBE954F41D36E4680008C2EE /* FoodTrackerTests.xctest */ = {isa = PBXFileReference; explicitFileType = wrapper.cfbundle; includeInIndex = 0; path = FoodTrackerTests.xctest; sourceTree = BUILT_PRODUCTS_DIR; };
		EBE954F81D36E4680008C2EE /* FoodTrackerTests.swift */ = {isa = PBXFileReference; lastKnownFileType = sourcecode.swift; path = FoodTrackerTests.swift; sourceTree = "<group>"; };
		EBE954FA1D36E4680008C2EE /* Info.plist */ = {isa = PBXFileReference; lastKnownFileType = text.plist.xml; path = Info.plist; sourceTree = "<group>"; };
/* End PBXFileReference section */

/* Begin PBXFrameworksBuildPhase section */
		EBE954DD1D36E4680008C2EE /* Frameworks */ = {
			isa = PBXFrameworksBuildPhase;
			buildActionMask = 2147483647;
			files = (
			);
			runOnlyForDeploymentPostprocessing = 0;
		};
		EBE954F11D36E4680008C2EE /* Frameworks */ = {
			isa = PBXFrameworksBuildPhase;
			buildActionMask = 2147483647;
			files = (
			);
			runOnlyForDeploymentPostprocessing = 0;
		};
/* End PBXFrameworksBuildPhase section */

/* Begin PBXGroup section */
		EBE954D71D36E4680008C2EE = {
			isa = PBXGroup;
			children = (
				EBE954E21D36E4680008C2EE /* FoodTracker */,
				EBE954F71D36E4680008C2EE /* FoodTrackerTests */,
				EBE954E11D36E4680008C2EE /* Products */,
			);
			sourceTree = "<group>";
		};
		EBE954E11D36E4680008C2EE /* Products */ = {
			isa = PBXGroup;
			children = (
				EBE954E01D36E4680008C2EE /* FoodTracker.app */,
				EBE954F41D36E4680008C2EE /* FoodTrackerTests.xctest */,
			);
			name = Products;
			sourceTree = "<group>";
		};
		EBE954E21D36E4680008C2EE /* FoodTracker */ = {
			isa = PBXGroup;
			children = (
				EBE954E31D36E4680008C2EE /* AppDelegate.swift */,
				EBE954E51D36E4680008C2EE /* ViewController.swift */,
				EB0F0BB01D3C246000DAD2AF /* Meal.swift */,
				EBE954E71D36E4680008C2EE /* Main.storyboard */,
				EBBFDF6E1D3C2BAA00AEAB19 /* MealTableViewCell.swift */,
				EB39819C1D397835007474F3 /* RatingControl.swift */,
				EBE954EA1D36E4680008C2EE /* Assets.xcassets */,
				EBE954EC1D36E4680008C2EE /* LaunchScreen.storyboard */,
				EBE954EF1D36E4680008C2EE /* Info.plist */,
			);
			path = FoodTracker;
			sourceTree = "<group>";
		};
		EBE954F71D36E4680008C2EE /* FoodTrackerTests */ = {
			isa = PBXGroup;
			children = (
				EBE954F81D36E4680008C2EE /* FoodTrackerTests.swift */,
				EBE954FA1D36E4680008C2EE /* Info.plist */,
			);
			path = FoodTrackerTests;
			sourceTree = "<group>";
		};
/* End PBXGroup section */

/* Begin PBXNativeTarget section */
		EBE954DF1D36E4680008C2EE /* FoodTracker */ = {
			isa = PBXNativeTarget;
			buildConfigurationList = EBE954FD1D36E4680008C2EE /* Build configuration list for PBXNativeTarget "FoodTracker" */;
			buildPhases = (
				EBE954DC1D36E4680008C2EE /* Sources */,
				EBE954DD1D36E4680008C2EE /* Frameworks */,
				EBE954DE1D36E4680008C2EE /* Resources */,
			);
			buildRules = (
			);
			dependencies = (
			);
			name = FoodTracker;
			productName = FoodTracker;
			productReference = EBE954E01D36E4680008C2EE /* FoodTracker.app */;
			productType = "com.apple.product-type.application";
		};
		EBE954F31D36E4680008C2EE /* FoodTrackerTests */ = {
			isa = PBXNativeTarget;
			buildConfigurationList = EBE955001D36E4680008C2EE /* Build configuration list for PBXNativeTarget "FoodTrackerTests" */;
			buildPhases = (
				EBE954F01D36E4680008C2EE /* Sources */,
				EBE954F11D36E4680008C2EE /* Frameworks */,
				EBE954F21D36E4680008C2EE /* Resources */,
			);
			buildRules = (
			);
			dependencies = (
				EBE954F61D36E4680008C2EE /* PBXTargetDependency */,
			);
			name = FoodTrackerTests;
			productName = FoodTrackerTests;
			productReference = EBE954F41D36E4680008C2EE /* FoodTrackerTests.xctest */;
			productType = "com.apple.product-type.bundle.unit-test";
		};
/* End PBXNativeTarget section */

/* Begin PBXProject section */
		EBE954D81D36E4680008C2EE /* Project object */ = {
			isa = PBXProject;
			attributes = {
				LastSwiftUpdateCheck = 0710;
				LastUpgradeCheck = 0710;
				ORGANIZATIONNAME = "Andy Zhu";
				TargetAttributes = {
					EBE954DF1D36E4680008C2EE = {
						CreatedOnToolsVersion = 7.1.1;
					};
					EBE954F31D36E4680008C2EE = {
						CreatedOnToolsVersion = 7.1.1;
						TestTargetID = EBE954DF1D36E4680008C2EE;
					};
				};
			};
			buildConfigurationList = EBE954DB1D36E4680008C2EE /* Build configuration list for PBXProject "FoodTracker" */;
			compatibilityVersion = "Xcode 3.2";
			developmentRegion = English;
			hasScannedForEncodings = 0;
			knownRegions = (
				en,
				Base,
			);
			mainGroup = EBE954D71D36E4680008C2EE;
			productRefGroup = EBE954E11D36E4680008C2EE /* Products */;
			projectDirPath = "";
			projectRoot = "";
			targets = (
				EBE954DF1D36E4680008C2EE /* FoodTracker */,
				EBE954F31D36E4680008C2EE /* FoodTrackerTests */,
			);
		};
/* End PBXProject section */

/* Begin PBXResourcesBuildPhase section */
		EBE954DE1D36E4680008C2EE /* Resources */ = {
			isa = PBXResourcesBuildPhase;
			buildActionMask = 2147483647;
			files = (
				EBE954EE1D36E4680008C2EE /* LaunchScreen.storyboard in Resources */,
				EBE954EB1D36E4680008C2EE /* Assets.xcassets in Resources */,
				EBE954E91D36E4680008C2EE /* Main.storyboard in Resources */,
			);
			runOnlyForDeploymentPostprocessing = 0;
		};
		EBE954F21D36E4680008C2EE /* Resources */ = {
			isa = PBXResourcesBuildPhase;
			buildActionMask = 2147483647;
			files = (
			);
			runOnlyForDeploymentPostprocessing = 0;
		};
/* End PBXResourcesBuildPhase section */

/* Begin PBXSourcesBuildPhase section */
		EBE954DC1D36E4680008C2EE /* Sources */ = {
			isa = PBXSourcesBuildPhase;
			buildActionMask = 2147483647;
			files = (
				EB0F0BB11D3C246000DAD2AF /* Meal.swift in Sources */,
				EBE954E61D36E4680008C2EE /* ViewController.swift in Sources */,
				EB39819D1D397835007474F3 /* RatingControl.swift in Sources */,
				EBE954E41D36E4680008C2EE /* AppDelegate.swift in Sources */,
				EBBFDF6F1D3C2BAA00AEAB19 /* MealTableViewCell.swift in Sources */,
			);
			runOnlyForDeploymentPostprocessing = 0;
		};
		EBE954F01D36E4680008C2EE /* Sources */ = {
			isa = PBXSourcesBuildPhase;
			buildActionMask = 2147483647;
			files = (
				EB0F0BB21D3C246000DAD2AF /* Meal.swift in Sources */,
				EBE954F91D36E4680008C2EE /* FoodTrackerTests.swift in Sources */,
			);
			runOnlyForDeploymentPostprocessing = 0;
		};
/* End PBXSourcesBuildPhase section */

/* Begin PBXTargetDependency section */
		EBE954F61D36E4680008C2EE /* PBXTargetDependency */ = {
			isa = PBXTargetDependency;
			target = EBE954DF1D36E4680008C2EE /* FoodTracker */;
			targetProxy = EBE954F51D36E4680008C2EE /* PBXContainerItemProxy */;
		};
/* End PBXTargetDependency section */

/* Begin PBXVariantGroup section */
		EBE954E71D36E4680008C2EE /* Main.storyboard */ = {
			isa = PBXVariantGroup;
			children = (
				EBE954E81D36E4680008C2EE /* Base */,
			);
			name = Main.storyboard;
			sourceTree = "<group>";
		};
		EBE954EC1D36E4680008C2EE /* LaunchScreen.storyboard */ = {
			isa = PBXVariantGroup;
			children = (
				EBE954ED1D36E4680008C2EE /* Base */,
			);
			name = LaunchScreen.storyboard;
			sourceTree = "<group>";
		};
/* End PBXVariantGroup section */

/* Begin XCBuildConfiguration section */
		EBE954FB1D36E4680008C2EE /* Debug */ = {
			isa = XCBuildConfiguration;
			buildSettings = {
				ALWAYS_SEARCH_USER_PATHS = NO;
				CLANG_CXX_LANGUAGE_STANDARD = "gnu++0x";
				CLANG_CXX_LIBRARY = "libc++";
				CLANG_ENABLE_MODULES = YES;
				CLANG_ENABLE_OBJC_ARC = YES;
				CLANG_WARN_BOOL_CONVERSION = YES;
				CLANG_WARN_CONSTANT_CONVERSION = YES;
				CLANG_WARN_DIRECT_OBJC_ISA_USAGE = YES_ERROR;
				CLANG_WARN_EMPTY_BODY = YES;
				CLANG_WARN_ENUM_CONVERSION = YES;
				CLANG_WARN_INT_CONVERSION = YES;
				CLANG_WARN_OBJC_ROOT_CLASS = YES_ERROR;
				CLANG_WARN_UNREACHABLE_CODE = YES;
				CLANG_WARN__DUPLICATE_METHOD_MATCH = YES;
				"CODE_SIGN_IDENTITY[sdk=iphoneos*]" = "iPhone Developer";
				COPY_PHASE_STRIP = NO;
				DEBUG_INFORMATION_FORMAT = dwarf;
				ENABLE_STRICT_OBJC_MSGSEND = YES;
				ENABLE_TESTABILITY = YES;
				GCC_C_LANGUAGE_STANDARD = gnu99;
				GCC_DYNAMIC_NO_PIC = NO;
				GCC_NO_COMMON_BLOCKS = YES;
				GCC_OPTIMIZATION_LEVEL = 0;
				GCC_PREPROCESSOR_DEFINITIONS = (
					"DEBUG=1",
					"$(inherited)",
				);
				GCC_WARN_64_TO_32_BIT_CONVERSION = YES;
				GCC_WARN_ABOUT_RETURN_TYPE = YES_ERROR;
				GCC_WARN_UNDECLARED_SELECTOR = YES;
				GCC_WARN_UNINITIALIZED_AUTOS = YES_AGGRESSIVE;
				GCC_WARN_UNUSED_FUNCTION = YES;
				GCC_WARN_UNUSED_VARIABLE = YES;
				IPHONEOS_DEPLOYMENT_TARGET = 9.1;
				MTL_ENABLE_DEBUG_INFO = YES;
				ONLY_ACTIVE_ARCH = YES;
				SDKROOT = iphoneos;
				SWIFT_OPTIMIZATION_LEVEL = "-Onone";
				TARGETED_DEVICE_FAMILY = "1,2";
			};
			name = Debug;
		};
		EBE954FC1D36E4680008C2EE /* Release */ = {
			isa = XCBuildConfiguration;
			buildSettings = {
				ALWAYS_SEARCH_USER_PATHS = NO;
				CLANG_CXX_LANGUAGE_STANDARD = "gnu++0x";
				CLANG_CXX_LIBRARY = "libc++";
				CLANG_ENABLE_MODULES = YES;
				CLANG_ENABLE_OBJC_ARC = YES;
				CLANG_WARN_BOOL_CONVERSION = YES;
				CLANG_WARN_CONSTANT_CONVERSION = YES;
				CLANG_WARN_DIRECT_OBJC_ISA_USAGE = YES_ERROR;
				CLANG_WARN_EMPTY_BODY = YES;
				CLANG_WARN_ENUM_CONVERSION = YES;
				CLANG_WARN_INT_CONVERSION = YES;
				CLANG_WARN_OBJC_ROOT_CLASS = YES_ERROR;
				CLANG_WARN_UNREACHABLE_CODE = YES;
				CLANG_WARN__DUPLICATE_METHOD_MATCH = YES;
				"CODE_SIGN_IDENTITY[sdk=iphoneos*]" = "iPhone Developer";
				COPY_PHASE_STRIP = NO;
				DEBUG_INFORMATION_FORMAT = "dwarf-with-dsym";
				ENABLE_NS_ASSERTIONS = NO;
				ENABLE_STRICT_OBJC_MSGSEND = YES;
				GCC_C_LANGUAGE_STANDARD = gnu99;
				GCC_NO_COMMON_BLOCKS = YES;
				GCC_WARN_64_TO_32_BIT_CONVERSION = YES;
				GCC_WARN_ABOUT_RETURN_TYPE = YES_ERROR;
				GCC_WARN_UNDECLARED_SELECTOR = YES;
				GCC_WARN_UNINITIALIZED_AUTOS = YES_AGGRESSIVE;
				GCC_WARN_UNUSED_FUNCTION = YES;
				GCC_WARN_UNUSED_VARIABLE = YES;
				IPHONEOS_DEPLOYMENT_TARGET = 9.1;
				MTL_ENABLE_DEBUG_INFO = NO;
				SDKROOT = iphoneos;
				TARGETED_DEVICE_FAMILY = "1,2";
				VALIDATE_PRODUCT = YES;
			};
			name = Release;
		};
		EBE954FE1D36E4680008C2EE /* Debug */ = {
			isa = XCBuildConfiguration;
			buildSettings = {
				ASSETCATALOG_COMPILER_APPICON_NAME = AppIcon;
				INFOPLIST_FILE = FoodTracker/Info.plist;
				LD_RUNPATH_SEARCH_PATHS = "$(inherited) @executable_path/Frameworks";
				PRODUCT_BUNDLE_IDENTIFIER = DAW.FoodTracker;
				PRODUCT_NAME = "$(TARGET_NAME)";
			};
			name = Debug;
		};
		EBE954FF1D36E4680008C2EE /* Release */ = {
			isa = XCBuildConfiguration;
			buildSettings = {
				ASSETCATALOG_COMPILER_APPICON_NAME = AppIcon;
				INFOPLIST_FILE = FoodTracker/Info.plist;
				LD_RUNPATH_SEARCH_PATHS = "$(inherited) @executable_path/Frameworks";
				PRODUCT_BUNDLE_IDENTIFIER = DAW.FoodTracker;
				PRODUCT_NAME = "$(TARGET_NAME)";
			};
			name = Release;
		};
		EBE955011D36E4680008C2EE /* Debug */ = {
			isa = XCBuildConfiguration;
			buildSettings = {
				BUNDLE_LOADER = "$(TEST_HOST)";
				INFOPLIST_FILE = FoodTrackerTests/Info.plist;
				LD_RUNPATH_SEARCH_PATHS = "$(inherited) @executable_path/Frameworks @loader_path/Frameworks";
				PRODUCT_BUNDLE_IDENTIFIER = DAW.FoodTrackerTests;
				PRODUCT_NAME = "$(TARGET_NAME)";
				TEST_HOST = "$(BUILT_PRODUCTS_DIR)/FoodTracker.app/FoodTracker";
			};
			name = Debug;
		};
		EBE955021D36E4680008C2EE /* Release */ = {
			isa = XCBuildConfiguration;
			buildSettings = {
				BUNDLE_LOADER = "$(TEST_HOST)";
				INFOPLIST_FILE = FoodTrackerTests/Info.plist;
				LD_RUNPATH_SEARCH_PATHS = "$(inherited) @executable_path/Frameworks @loader_path/Frameworks";
				PRODUCT_BUNDLE_IDENTIFIER = DAW.FoodTrackerTests;
				PRODUCT_NAME = "$(TARGET_NAME)";
				TEST_HOST = "$(BUILT_PRODUCTS_DIR)/FoodTracker.app/FoodTracker";
			};
			name = Release;
		};
/* End XCBuildConfiguration section */

/* Begin XCConfigurationList section */
		EBE954DB1D36E4680008C2EE /* Build configuration list for PBXProject "FoodTracker" */ = {
			isa = XCConfigurationList;
			buildConfigurations = (
				EBE954FB1D36E4680008C2EE /* Debug */,
				EBE954FC1D36E4680008C2EE /* Release */,
			);
			defaultConfigurationIsVisible = 0;
			defaultConfigurationName = Release;
		};
		EBE954FD1D36E4680008C2EE /* Build configuration list for PBXNativeTarget "FoodTracker" */ = {
			isa = XCConfigurationList;
			buildConfigurations = (
				EBE954FE1D36E4680008C2EE /* Debug */,
				EBE954FF1D36E4680008C2EE /* Release */,
			);
			defaultConfigurationIsVisible = 0;
			defaultConfigurationName = Release;
		};
		EBE955001D36E4680008C2EE /* Build configuration list for PBXNativeTarget "FoodTrackerTests" */ = {
			isa = XCConfigurationList;
			buildConfigurations = (
				EBE955011D36E4680008C2EE /* Debug */,
				EBE955021D36E4680008C2EE /* Release */,
			);
			defaultConfigurationIsVisible = 0;
			defaultConfigurationName = Release;
		};
/* End XCConfigurationList section */
	};
	rootObject = EBE954D81D36E4680008C2EE /* Project object */;
}
