// !$*UTF8*$!
{
	archiveVersion = 1;
	classes = {
	};
	objectVersion = 46;
	objects = {

/* Begin PBXBuildFile section */
		EB8978611D5400B300D3F373 /* GameScene.sks in Resources */ = {isa = PBXBuildFile; fileRef = EB8978601D5400B300D3F373 /* GameScene.sks */; };
		EB96BCCA1D53DFEE00F50AD8 /* AppDelegate.swift in Sources */ = {isa = PBXBuildFile; fileRef = EB96BCC91D53DFEE00F50AD8 /* AppDelegate.swift */; };
		EB96BCCC1D53DFEE00F50AD8 /* GameViewController.swift in Sources */ = {isa = PBXBuildFile; fileRef = EB96BCCB1D53DFEE00F50AD8 /* GameViewController.swift */; };
		EB96BCCF1D53DFEE00F50AD8 /* Main.storyboard in Resources */ = {isa = PBXBuildFile; fileRef = EB96BCCD1D53DFEE00F50AD8 /* Main.storyboard */; };
		EB96BCD11D53DFEE00F50AD8 /* Assets.xcassets in Resources */ = {isa = PBXBuildFile; fileRef = EB96BCD01D53DFEE00F50AD8 /* Assets.xcassets */; };
		EB96BCD41D53DFEE00F50AD8 /* LaunchScreen.storyboard in Resources */ = {isa = PBXBuildFile; fileRef = EB96BCD21D53DFEE00F50AD8 /* LaunchScreen.storyboard */; };
		EB96BCDF1D53DFEE00F50AD8 /* gameUITests.swift in Sources */ = {isa = PBXBuildFile; fileRef = EB96BCDE1D53DFEE00F50AD8 /* gameUITests.swift */; };
		EB96BCEE1D53F03E00F50AD8 /* SpriteKit.framework in Frameworks */ = {isa = PBXBuildFile; fileRef = EB96BCED1D53F03E00F50AD8 /* SpriteKit.framework */; };
		EB96BCFF1D53FC5600F50AD8 /* GameScene.swift in Sources */ = {isa = PBXBuildFile; fileRef = EB96BCFE1D53FC5600F50AD8 /* GameScene.swift */; };
/* End PBXBuildFile section */

/* Begin PBXContainerItemProxy section */
		EB96BCDB1D53DFEE00F50AD8 /* PBXContainerItemProxy */ = {
			isa = PBXContainerItemProxy;
			containerPortal = EB96BCBE1D53DFEE00F50AD8 /* Project object */;
			proxyType = 1;
			remoteGlobalIDString = EB96BCC51D53DFEE00F50AD8;
			remoteInfo = game;
		};
/* End PBXContainerItemProxy section */

/* Begin PBXFileReference section */
		EB8978601D5400B300D3F373 /* GameScene.sks */ = {isa = PBXFileReference; lastKnownFileType = file.sks; path = GameScene.sks; sourceTree = "<group>"; };
		EB96BCC61D53DFEE00F50AD8 /* game.app */ = {isa = PBXFileReference; explicitFileType = wrapper.application; includeInIndex = 0; path = game.app; sourceTree = BUILT_PRODUCTS_DIR; };
		EB96BCC91D53DFEE00F50AD8 /* AppDelegate.swift */ = {isa = PBXFileReference; lastKnownFileType = sourcecode.swift; path = AppDelegate.swift; sourceTree = "<group>"; };
		EB96BCCB1D53DFEE00F50AD8 /* GameViewController.swift */ = {isa = PBXFileReference; lastKnownFileType = sourcecode.swift; path = GameViewController.swift; sourceTree = "<group>"; };
		EB96BCCE1D53DFEE00F50AD8 /* Base */ = {isa = PBXFileReference; lastKnownFileType = file.storyboard; name = Base; path = Base.lproj/Main.storyboard; sourceTree = "<group>"; };
		EB96BCD01D53DFEE00F50AD8 /* Assets.xcassets */ = {isa = PBXFileReference; lastKnownFileType = folder.assetcatalog; path = Assets.xcassets; sourceTree = "<group>"; };
		EB96BCD31D53DFEE00F50AD8 /* Base */ = {isa = PBXFileReference; lastKnownFileType = file.storyboard; name = Base; path = Base.lproj/LaunchScreen.storyboard; sourceTree = "<group>"; };
		EB96BCD51D53DFEE00F50AD8 /* Info.plist */ = {isa = PBXFileReference; lastKnownFileType = text.plist.xml; path = Info.plist; sourceTree = "<group>"; };
		EB96BCDA1D53DFEE00F50AD8 /* gameUITests.xctest */ = {isa = PBXFileReference; explicitFileType = wrapper.cfbundle; includeInIndex = 0; path = gameUITests.xctest; sourceTree = BUILT_PRODUCTS_DIR; };
		EB96BCDE1D53DFEE00F50AD8 /* gameUITests.swift */ = {isa = PBXFileReference; lastKnownFileType = sourcecode.swift; path = gameUITests.swift; sourceTree = "<group>"; };
		EB96BCE01D53DFEE00F50AD8 /* Info.plist */ = {isa = PBXFileReference; lastKnownFileType = text.plist.xml; path = Info.plist; sourceTree = "<group>"; };
		EB96BCED1D53F03E00F50AD8 /* SpriteKit.framework */ = {isa = PBXFileReference; lastKnownFileType = wrapper.framework; name = SpriteKit.framework; path = System/Library/Frameworks/SpriteKit.framework; sourceTree = SDKROOT; };
		EB96BCFE1D53FC5600F50AD8 /* GameScene.swift */ = {isa = PBXFileReference; fileEncoding = 4; lastKnownFileType = sourcecode.swift; path = GameScene.swift; sourceTree = "<group>"; };
/* End PBXFileReference section */

/* Begin PBXFrameworksBuildPhase section */
		EB96BCC31D53DFEE00F50AD8 /* Frameworks */ = {
			isa = PBXFrameworksBuildPhase;
			buildActionMask = 2147483647;
			files = (
				EB96BCEE1D53F03E00F50AD8 /* SpriteKit.framework in Frameworks */,
			);
			runOnlyForDeploymentPostprocessing = 0;
		};
		EB96BCD71D53DFEE00F50AD8 /* Frameworks */ = {
			isa = PBXFrameworksBuildPhase;
			buildActionMask = 2147483647;
			files = (
			);
			runOnlyForDeploymentPostprocessing = 0;
		};
/* End PBXFrameworksBuildPhase section */

/* Begin PBXGroup section */
		EB96BCBD1D53DFEE00F50AD8 = {
			isa = PBXGroup;
			children = (
				EB96BCED1D53F03E00F50AD8 /* SpriteKit.framework */,
				EB96BCC81D53DFEE00F50AD8 /* game */,
				EB96BCDD1D53DFEE00F50AD8 /* gameUITests */,
				EB96BCC71D53DFEE00F50AD8 /* Products */,
			);
			sourceTree = "<group>";
		};
		EB96BCC71D53DFEE00F50AD8 /* Products */ = {
			isa = PBXGroup;
			children = (
				EB96BCC61D53DFEE00F50AD8 /* game.app */,
				EB96BCDA1D53DFEE00F50AD8 /* gameUITests.xctest */,
			);
			name = Products;
			sourceTree = "<group>";
		};
		EB96BCC81D53DFEE00F50AD8 /* game */ = {
			isa = PBXGroup;
			children = (
				EB96BCC91D53DFEE00F50AD8 /* AppDelegate.swift */,
				EB96BCCB1D53DFEE00F50AD8 /* GameViewController.swift */,
				EB96BCCD1D53DFEE00F50AD8 /* Main.storyboard */,
				EB96BCFE1D53FC5600F50AD8 /* GameScene.swift */,
				EB8978601D5400B300D3F373 /* GameScene.sks */,
				EB96BCD01D53DFEE00F50AD8 /* Assets.xcassets */,
				EB96BCD21D53DFEE00F50AD8 /* LaunchScreen.storyboard */,
				EB96BCD51D53DFEE00F50AD8 /* Info.plist */,
			);
			path = game;
			sourceTree = "<group>";
		};
		EB96BCDD1D53DFEE00F50AD8 /* gameUITests */ = {
			isa = PBXGroup;
			children = (
				EB96BCDE1D53DFEE00F50AD8 /* gameUITests.swift */,
				EB96BCE01D53DFEE00F50AD8 /* Info.plist */,
			);
			path = gameUITests;
			sourceTree = "<group>";
		};
/* End PBXGroup section */

/* Begin PBXNativeTarget section */
		EB96BCC51D53DFEE00F50AD8 /* game */ = {
			isa = PBXNativeTarget;
			buildConfigurationList = EB96BCE31D53DFEE00F50AD8 /* Build configuration list for PBXNativeTarget "game" */;
			buildPhases = (
				EB96BCC21D53DFEE00F50AD8 /* Sources */,
				EB96BCC31D53DFEE00F50AD8 /* Frameworks */,
				EB96BCC41D53DFEE00F50AD8 /* Resources */,
			);
			buildRules = (
			);
			dependencies = (
			);
			name = game;
			productName = game;
			productReference = EB96BCC61D53DFEE00F50AD8 /* game.app */;
			productType = "com.apple.product-type.application";
		};
		EB96BCD91D53DFEE00F50AD8 /* gameUITests */ = {
			isa = PBXNativeTarget;
			buildConfigurationList = EB96BCE61D53DFEE00F50AD8 /* Build configuration list for PBXNativeTarget "gameUITests" */;
			buildPhases = (
				EB96BCD61D53DFEE00F50AD8 /* Sources */,
				EB96BCD71D53DFEE00F50AD8 /* Frameworks */,
				EB96BCD81D53DFEE00F50AD8 /* Resources */,
			);
			buildRules = (
			);
			dependencies = (
				EB96BCDC1D53DFEE00F50AD8 /* PBXTargetDependency */,
			);
			name = gameUITests;
			productName = gameUITests;
			productReference = EB96BCDA1D53DFEE00F50AD8 /* gameUITests.xctest */;
			productType = "com.apple.product-type.bundle.ui-testing";
		};
/* End PBXNativeTarget section */

/* Begin PBXProject section */
		EB96BCBE1D53DFEE00F50AD8 /* Project object */ = {
			isa = PBXProject;
			attributes = {
				LastSwiftUpdateCheck = 0730;
				LastUpgradeCheck = 0730;
				ORGANIZATIONNAME = DAW;
				TargetAttributes = {
					EB96BCC51D53DFEE00F50AD8 = {
						CreatedOnToolsVersion = 7.3.1;
					};
					EB96BCD91D53DFEE00F50AD8 = {
						CreatedOnToolsVersion = 7.3.1;
						TestTargetID = EB96BCC51D53DFEE00F50AD8;
					};
				};
			};
			buildConfigurationList = EB96BCC11D53DFEE00F50AD8 /* Build configuration list for PBXProject "game" */;
			compatibilityVersion = "Xcode 3.2";
			developmentRegion = English;
			hasScannedForEncodings = 0;
			knownRegions = (
				en,
				Base,
			);
			mainGroup = EB96BCBD1D53DFEE00F50AD8;
			productRefGroup = EB96BCC71D53DFEE00F50AD8 /* Products */;
			projectDirPath = "";
			projectRoot = "";
			targets = (
				EB96BCC51D53DFEE00F50AD8 /* game */,
				EB96BCD91D53DFEE00F50AD8 /* gameUITests */,
			);
		};
/* End PBXProject section */

/* Begin PBXResourcesBuildPhase section */
		EB96BCC41D53DFEE00F50AD8 /* Resources */ = {
			isa = PBXResourcesBuildPhase;
			buildActionMask = 2147483647;
			files = (
				EB8978611D5400B300D3F373 /* GameScene.sks in Resources */,
				EB96BCD41D53DFEE00F50AD8 /* LaunchScreen.storyboard in Resources */,
				EB96BCD11D53DFEE00F50AD8 /* Assets.xcassets in Resources */,
				EB96BCCF1D53DFEE00F50AD8 /* Main.storyboard in Resources */,
			);
			runOnlyForDeploymentPostprocessing = 0;
		};
		EB96BCD81D53DFEE00F50AD8 /* Resources */ = {
			isa = PBXResourcesBuildPhase;
			buildActionMask = 2147483647;
			files = (
			);
			runOnlyForDeploymentPostprocessing = 0;
		};
/* End PBXResourcesBuildPhase section */

/* Begin PBXSourcesBuildPhase section */
		EB96BCC21D53DFEE00F50AD8 /* Sources */ = {
			isa = PBXSourcesBuildPhase;
			buildActionMask = 2147483647;
			files = (
				EB96BCCC1D53DFEE00F50AD8 /* GameViewController.swift in Sources */,
				EB96BCFF1D53FC5600F50AD8 /* GameScene.swift in Sources */,
				EB96BCCA1D53DFEE00F50AD8 /* AppDelegate.swift in Sources */,
			);
			runOnlyForDeploymentPostprocessing = 0;
		};
		EB96BCD61D53DFEE00F50AD8 /* Sources */ = {
			isa = PBXSourcesBuildPhase;
			buildActionMask = 2147483647;
			files = (
				EB96BCDF1D53DFEE00F50AD8 /* gameUITests.swift in Sources */,
			);
			runOnlyForDeploymentPostprocessing = 0;
		};
/* End PBXSourcesBuildPhase section */

/* Begin PBXTargetDependency section */
		EB96BCDC1D53DFEE00F50AD8 /* PBXTargetDependency */ = {
			isa = PBXTargetDependency;
			target = EB96BCC51D53DFEE00F50AD8 /* game */;
			targetProxy = EB96BCDB1D53DFEE00F50AD8 /* PBXContainerItemProxy */;
		};
/* End PBXTargetDependency section */

/* Begin PBXVariantGroup section */
		EB96BCCD1D53DFEE00F50AD8 /* Main.storyboard */ = {
			isa = PBXVariantGroup;
			children = (
				EB96BCCE1D53DFEE00F50AD8 /* Base */,
			);
			name = Main.storyboard;
			sourceTree = "<group>";
		};
		EB96BCD21D53DFEE00F50AD8 /* LaunchScreen.storyboard */ = {
			isa = PBXVariantGroup;
			children = (
				EB96BCD31D53DFEE00F50AD8 /* Base */,
			);
			name = LaunchScreen.storyboard;
			sourceTree = "<group>";
		};
/* End PBXVariantGroup section */

/* Begin XCBuildConfiguration section */
		EB96BCE11D53DFEE00F50AD8 /* Debug */ = {
			isa = XCBuildConfiguration;
			buildSettings = {
				ALWAYS_SEARCH_USER_PATHS = NO;
				CLANG_ANALYZER_NONNULL = YES;
				CLANG_CXX_LANGUAGE_STANDARD = "gnu++0x";
				CLANG_CXX_LIBRARY = "libc++";
				CLANG_ENABLE_MODULES = YES;
				CLANG_ENABLE_OBJC_ARC = YES;
				CLANG_WARN_BOOL_CONVERSION = YES;
				CLANG_WARN_CONSTANT_CONVERSION = YES;
				CLANG_WARN_DIRECT_OBJC_ISA_USAGE = YES_ERROR;
				CLANG_WARN_EMPTY_BODY = YES;
				CLANG_WARN_ENUM_CONVERSION = YES;
				CLANG_WARN_INT_CONVERSION = YES;
				CLANG_WARN_OBJC_ROOT_CLASS = YES_ERROR;
				CLANG_WARN_UNREACHABLE_CODE = YES;
				CLANG_WARN__DUPLICATE_METHOD_MATCH = YES;
				"CODE_SIGN_IDENTITY[sdk=iphoneos*]" = "iPhone Developer";
				COPY_PHASE_STRIP = NO;
				DEBUG_INFORMATION_FORMAT = dwarf;
				ENABLE_STRICT_OBJC_MSGSEND = YES;
				ENABLE_TESTABILITY = YES;
				GCC_C_LANGUAGE_STANDARD = gnu99;
				GCC_DYNAMIC_NO_PIC = NO;
				GCC_NO_COMMON_BLOCKS = YES;
				GCC_OPTIMIZATION_LEVEL = 0;
				GCC_PREPROCESSOR_DEFINITIONS = (
					"DEBUG=1",
					"$(inherited)",
				);
				GCC_WARN_64_TO_32_BIT_CONVERSION = YES;
				GCC_WARN_ABOUT_RETURN_TYPE = YES_ERROR;
				GCC_WARN_UNDECLARED_SELECTOR = YES;
				GCC_WARN_UNINITIALIZED_AUTOS = YES_AGGRESSIVE;
				GCC_WARN_UNUSED_FUNCTION = YES;
				GCC_WARN_UNUSED_VARIABLE = YES;
				IPHONEOS_DEPLOYMENT_TARGET = 9.3;
				MTL_ENABLE_DEBUG_INFO = YES;
				ONLY_ACTIVE_ARCH = YES;
				SDKROOT = iphoneos;
				SWIFT_OPTIMIZATION_LEVEL = "-Onone";
				TARGETED_DEVICE_FAMILY = "1,2";
			};
			name = Debug;
		};
		EB96BCE21D53DFEE00F50AD8 /* Release */ = {
			isa = XCBuildConfiguration;
			buildSettings = {
				ALWAYS_SEARCH_USER_PATHS = NO;
				CLANG_ANALYZER_NONNULL = YES;
				CLANG_CXX_LANGUAGE_STANDARD = "gnu++0x";
				CLANG_CXX_LIBRARY = "libc++";
				CLANG_ENABLE_MODULES = YES;
				CLANG_ENABLE_OBJC_ARC = YES;
				CLANG_WARN_BOOL_CONVERSION = YES;
				CLANG_WARN_CONSTANT_CONVERSION = YES;
				CLANG_WARN_DIRECT_OBJC_ISA_USAGE = YES_ERROR;
				CLANG_WARN_EMPTY_BODY = YES;
				CLANG_WARN_ENUM_CONVERSION = YES;
				CLANG_WARN_INT_CONVERSION = YES;
				CLANG_WARN_OBJC_ROOT_CLASS = YES_ERROR;
				CLANG_WARN_UNREACHABLE_CODE = YES;
				CLANG_WARN__DUPLICATE_METHOD_MATCH = YES;
				"CODE_SIGN_IDENTITY[sdk=iphoneos*]" = "iPhone Developer";
				COPY_PHASE_STRIP = NO;
				DEBUG_INFORMATION_FORMAT = "dwarf-with-dsym";
				ENABLE_NS_ASSERTIONS = NO;
				ENABLE_STRICT_OBJC_MSGSEND = YES;
				GCC_C_LANGUAGE_STANDARD = gnu99;
				GCC_NO_COMMON_BLOCKS = YES;
				GCC_WARN_64_TO_32_BIT_CONVERSION = YES;
				GCC_WARN_ABOUT_RETURN_TYPE = YES_ERROR;
				GCC_WARN_UNDECLARED_SELECTOR = YES;
				GCC_WARN_UNINITIALIZED_AUTOS = YES_AGGRESSIVE;
				GCC_WARN_UNUSED_FUNCTION = YES;
				GCC_WARN_UNUSED_VARIABLE = YES;
				IPHONEOS_DEPLOYMENT_TARGET = 9.3;
				MTL_ENABLE_DEBUG_INFO = NO;
				SDKROOT = iphoneos;
				TARGETED_DEVICE_FAMILY = "1,2";
				VALIDATE_PRODUCT = YES;
			};
			name = Release;
		};
		EB96BCE41D53DFEE00F50AD8 /* Debug */ = {
			isa = XCBuildConfiguration;
			buildSettings = {
				ASSETCATALOG_COMPILER_APPICON_NAME = AppIcon;
				INFOPLIST_FILE = game/Info.plist;
				LD_RUNPATH_SEARCH_PATHS = "$(inherited) @executable_path/Frameworks";
				PRODUCT_BUNDLE_IDENTIFIER = DAW.game;
				PRODUCT_NAME = "$(TARGET_NAME)";
			};
			name = Debug;
		};
		EB96BCE51D53DFEE00F50AD8 /* Release */ = {
			isa = XCBuildConfiguration;
			buildSettings = {
				ASSETCATALOG_COMPILER_APPICON_NAME = AppIcon;
				INFOPLIST_FILE = game/Info.plist;
				LD_RUNPATH_SEARCH_PATHS = "$(inherited) @executable_path/Frameworks";
				PRODUCT_BUNDLE_IDENTIFIER = DAW.game;
				PRODUCT_NAME = "$(TARGET_NAME)";
			};
			name = Release;
		};
		EB96BCE71D53DFEE00F50AD8 /* Debug */ = {
			isa = XCBuildConfiguration;
			buildSettings = {
				INFOPLIST_FILE = gameUITests/Info.plist;
				LD_RUNPATH_SEARCH_PATHS = "$(inherited) @executable_path/Frameworks @loader_path/Frameworks";
				PRODUCT_BUNDLE_IDENTIFIER = DAW.gameUITests;
				PRODUCT_NAME = "$(TARGET_NAME)";
				TEST_TARGET_NAME = game;
			};
			name = Debug;
		};
		EB96BCE81D53DFEE00F50AD8 /* Release */ = {
			isa = XCBuildConfiguration;
			buildSettings = {
				INFOPLIST_FILE = gameUITests/Info.plist;
				LD_RUNPATH_SEARCH_PATHS = "$(inherited) @executable_path/Frameworks @loader_path/Frameworks";
				PRODUCT_BUNDLE_IDENTIFIER = DAW.gameUITests;
				PRODUCT_NAME = "$(TARGET_NAME)";
				TEST_TARGET_NAME = game;
			};
			name = Release;
		};
/* End XCBuildConfiguration section */

/* Begin XCConfigurationList section */
		EB96BCC11D53DFEE00F50AD8 /* Build configuration list for PBXProject "game" */ = {
			isa = XCConfigurationList;
			buildConfigurations = (
				EB96BCE11D53DFEE00F50AD8 /* Debug */,
				EB96BCE21D53DFEE00F50AD8 /* Release */,
			);
			defaultConfigurationIsVisible = 0;
			defaultConfigurationName = Release;
		};
		EB96BCE31D53DFEE00F50AD8 /* Build configuration list for PBXNativeTarget "game" */ = {
			isa = XCConfigurationList;
			buildConfigurations = (
				EB96BCE41D53DFEE00F50AD8 /* Debug */,
				EB96BCE51D53DFEE00F50AD8 /* Release */,
			);
			defaultConfigurationIsVisible = 0;
			defaultConfigurationName = Release;
		};
		EB96BCE61D53DFEE00F50AD8 /* Build configuration list for PBXNativeTarget "gameUITests" */ = {
			isa = XCConfigurationList;
			buildConfigurations = (
				EB96BCE71D53DFEE00F50AD8 /* Debug */,
				EB96BCE81D53DFEE00F50AD8 /* Release */,
			);
			defaultConfigurationIsVisible = 0;
			defaultConfigurationName = Release;
		};
/* End XCConfigurationList section */
	};
	rootObject = EB96BCBE1D53DFEE00F50AD8 /* Project object */;
}
