// !$*UTF8*$!
{
	archiveVersion = 1;
	classes = {
	};
	objectVersion = 46;
	objects = {

/* Begin PBXBuildFile section */
		49F6094F1D231FA400B69FA3 /* AppDelegate.swift in Sources */ = {isa = PBXBuildFile; fileRef = 49F6094E1D231FA400B69FA3 /* AppDelegate.swift */; };
		49F609511D231FA400B69FA3 /* ViewController.swift in Sources */ = {isa = PBXBuildFile; fileRef = 49F609501D231FA400B69FA3 /* ViewController.swift */; };
		49F609541D231FA400B69FA3 /* Main.storyboard in Resources */ = {isa = PBXBuildFile; fileRef = 49F609521D231FA400B69FA3 /* Main.storyboard */; };
		49F609561D231FA400B69FA3 /* Assets.xcassets in Resources */ = {isa = PBXBuildFile; fileRef = 49F609551D231FA400B69FA3 /* Assets.xcassets */; };
		49F609591D231FA400B69FA3 /* LaunchScreen.storyboard in Resources */ = {isa = PBXBuildFile; fileRef = 49F609571D231FA400B69FA3 /* LaunchScreen.storyboard */; };
		49F609641D231FA400B69FA3 /* Food_TrackerTests.swift in Sources */ = {isa = PBXBuildFile; fileRef = 49F609631D231FA400B69FA3 /* Food_TrackerTests.swift */; };
/* End PBXBuildFile section */

/* Begin PBXContainerItemProxy section */
		49F609601D231FA400B69FA3 /* PBXContainerItemProxy */ = {
			isa = PBXContainerItemProxy;
			containerPortal = 49F609431D231FA400B69FA3 /* Project object */;
			proxyType = 1;
			remoteGlobalIDString = 49F6094A1D231FA400B69FA3;
			remoteInfo = "Food Tracker";
		};
/* End PBXContainerItemProxy section */

/* Begin PBXFileReference section */
		49F6094B1D231FA400B69FA3 /* Food Tracker.app */ = {isa = PBXFileReference; explicitFileType = wrapper.application; includeInIndex = 0; path = "Food Tracker.app"; sourceTree = BUILT_PRODUCTS_DIR; };
		49F6094E1D231FA400B69FA3 /* AppDelegate.swift */ = {isa = PBXFileReference; lastKnownFileType = sourcecode.swift; path = AppDelegate.swift; sourceTree = "<group>"; };
		49F609501D231FA400B69FA3 /* ViewController.swift */ = {isa = PBXFileReference; lastKnownFileType = sourcecode.swift; path = ViewController.swift; sourceTree = "<group>"; };
		49F609531D231FA400B69FA3 /* Base */ = {isa = PBXFileReference; lastKnownFileType = file.storyboard; name = Base; path = Base.lproj/Main.storyboard; sourceTree = "<group>"; };
		49F609551D231FA400B69FA3 /* Assets.xcassets */ = {isa = PBXFileReference; lastKnownFileType = folder.assetcatalog; path = Assets.xcassets; sourceTree = "<group>"; };
		49F609581D231FA400B69FA3 /* Base */ = {isa = PBXFileReference; lastKnownFileType = file.storyboard; name = Base; path = Base.lproj/LaunchScreen.storyboard; sourceTree = "<group>"; };
		49F6095A1D231FA400B69FA3 /* Info.plist */ = {isa = PBXFileReference; lastKnownFileType = text.plist.xml; path = Info.plist; sourceTree = "<group>"; };
		49F6095F1D231FA400B69FA3 /* Food TrackerTests.xctest */ = {isa = PBXFileReference; explicitFileType = wrapper.cfbundle; includeInIndex = 0; path = "Food TrackerTests.xctest"; sourceTree = BUILT_PRODUCTS_DIR; };
		49F609631D231FA400B69FA3 /* Food_TrackerTests.swift */ = {isa = PBXFileReference; lastKnownFileType = sourcecode.swift; path = Food_TrackerTests.swift; sourceTree = "<group>"; };
		49F609651D231FA400B69FA3 /* Info.plist */ = {isa = PBXFileReference; lastKnownFileType = text.plist.xml; path = Info.plist; sourceTree = "<group>"; };
/* End PBXFileReference section */

/* Begin PBXFrameworksBuildPhase section */
		49F609481D231FA400B69FA3 /* Frameworks */ = {
			isa = PBXFrameworksBuildPhase;
			buildActionMask = 2147483647;
			files = (
			);
			runOnlyForDeploymentPostprocessing = 0;
		};
		49F6095C1D231FA400B69FA3 /* Frameworks */ = {
			isa = PBXFrameworksBuildPhase;
			buildActionMask = 2147483647;
			files = (
			);
			runOnlyForDeploymentPostprocessing = 0;
		};
/* End PBXFrameworksBuildPhase section */

/* Begin PBXGroup section */
		49F609421D231FA400B69FA3 = {
			isa = PBXGroup;
			children = (
				49F6094D1D231FA400B69FA3 /* Food Tracker */,
				49F609621D231FA400B69FA3 /* Food TrackerTests */,
				49F6094C1D231FA400B69FA3 /* Products */,
			);
			sourceTree = "<group>";
		};
		49F6094C1D231FA400B69FA3 /* Products */ = {
			isa = PBXGroup;
			children = (
				49F6094B1D231FA400B69FA3 /* Food Tracker.app */,
				49F6095F1D231FA400B69FA3 /* Food TrackerTests.xctest */,
			);
			name = Products;
			sourceTree = "<group>";
		};
		49F6094D1D231FA400B69FA3 /* Food Tracker */ = {
			isa = PBXGroup;
			children = (
				49F6094E1D231FA400B69FA3 /* AppDelegate.swift */,
				49F609501D231FA400B69FA3 /* ViewController.swift */,
				49F609521D231FA400B69FA3 /* Main.storyboard */,
				49F609551D231FA400B69FA3 /* Assets.xcassets */,
				49F609571D231FA400B69FA3 /* LaunchScreen.storyboard */,
				49F6095A1D231FA400B69FA3 /* Info.plist */,
			);
			path = "Food Tracker";
			sourceTree = "<group>";
		};
		49F609621D231FA400B69FA3 /* Food TrackerTests */ = {
			isa = PBXGroup;
			children = (
				49F609631D231FA400B69FA3 /* Food_TrackerTests.swift */,
				49F609651D231FA400B69FA3 /* Info.plist */,
			);
			path = "Food TrackerTests";
			sourceTree = "<group>";
		};
/* End PBXGroup section */

/* Begin PBXNativeTarget section */
		49F6094A1D231FA400B69FA3 /* Food Tracker */ = {
			isa = PBXNativeTarget;
			buildConfigurationList = 49F609681D231FA400B69FA3 /* Build configuration list for PBXNativeTarget "Food Tracker" */;
			buildPhases = (
				49F609471D231FA400B69FA3 /* Sources */,
				49F609481D231FA400B69FA3 /* Frameworks */,
				49F609491D231FA400B69FA3 /* Resources */,
			);
			buildRules = (
			);
			dependencies = (
			);
			name = "Food Tracker";
			productName = "Food Tracker";
			productReference = 49F6094B1D231FA400B69FA3 /* Food Tracker.app */;
			productType = "com.apple.product-type.application";
		};
		49F6095E1D231FA400B69FA3 /* Food TrackerTests */ = {
			isa = PBXNativeTarget;
			buildConfigurationList = 49F6096B1D231FA400B69FA3 /* Build configuration list for PBXNativeTarget "Food TrackerTests" */;
			buildPhases = (
				49F6095B1D231FA400B69FA3 /* Sources */,
				49F6095C1D231FA400B69FA3 /* Frameworks */,
				49F6095D1D231FA400B69FA3 /* Resources */,
			);
			buildRules = (
			);
			dependencies = (
				49F609611D231FA400B69FA3 /* PBXTargetDependency */,
			);
			name = "Food TrackerTests";
			productName = "Food TrackerTests";
			productReference = 49F6095F1D231FA400B69FA3 /* Food TrackerTests.xctest */;
			productType = "com.apple.product-type.bundle.unit-test";
		};
/* End PBXNativeTarget section */

/* Begin PBXProject section */
		49F609431D231FA400B69FA3 /* Project object */ = {
			isa = PBXProject;
			attributes = {
				LastSwiftUpdateCheck = 0710;
				LastUpgradeCheck = 0710;
				ORGANIZATIONNAME = "William Potebnya-Meyer";
				TargetAttributes = {
					49F6094A1D231FA400B69FA3 = {
						CreatedOnToolsVersion = 7.1.1;
					};
					49F6095E1D231FA400B69FA3 = {
						CreatedOnToolsVersion = 7.1.1;
						TestTargetID = 49F6094A1D231FA400B69FA3;
					};
				};
			};
			buildConfigurationList = 49F609461D231FA400B69FA3 /* Build configuration list for PBXProject "Food Tracker" */;
			compatibilityVersion = "Xcode 3.2";
			developmentRegion = English;
			hasScannedForEncodings = 0;
			knownRegions = (
				en,
				Base,
			);
			mainGroup = 49F609421D231FA400B69FA3;
			productRefGroup = 49F6094C1D231FA400B69FA3 /* Products */;
			projectDirPath = "";
			projectRoot = "";
			targets = (
				49F6094A1D231FA400B69FA3 /* Food Tracker */,
				49F6095E1D231FA400B69FA3 /* Food TrackerTests */,
			);
		};
/* End PBXProject section */

/* Begin PBXResourcesBuildPhase section */
		49F609491D231FA400B69FA3 /* Resources */ = {
			isa = PBXResourcesBuildPhase;
			buildActionMask = 2147483647;
			files = (
				49F609591D231FA400B69FA3 /* LaunchScreen.storyboard in Resources */,
				49F609561D231FA400B69FA3 /* Assets.xcassets in Resources */,
				49F609541D231FA400B69FA3 /* Main.storyboard in Resources */,
			);
			runOnlyForDeploymentPostprocessing = 0;
		};
		49F6095D1D231FA400B69FA3 /* Resources */ = {
			isa = PBXResourcesBuildPhase;
			buildActionMask = 2147483647;
			files = (
			);
			runOnlyForDeploymentPostprocessing = 0;
		};
/* End PBXResourcesBuildPhase section */

/* Begin PBXSourcesBuildPhase section */
		49F609471D231FA400B69FA3 /* Sources */ = {
			isa = PBXSourcesBuildPhase;
			buildActionMask = 2147483647;
			files = (
				49F609511D231FA400B69FA3 /* ViewController.swift in Sources */,
				49F6094F1D231FA400B69FA3 /* AppDelegate.swift in Sources */,
			);
			runOnlyForDeploymentPostprocessing = 0;
		};
		49F6095B1D231FA400B69FA3 /* Sources */ = {
			isa = PBXSourcesBuildPhase;
			buildActionMask = 2147483647;
			files = (
				49F609641D231FA400B69FA3 /* Food_TrackerTests.swift in Sources */,
			);
			runOnlyForDeploymentPostprocessing = 0;
		};
/* End PBXSourcesBuildPhase section */

/* Begin PBXTargetDependency section */
		49F609611D231FA400B69FA3 /* PBXTargetDependency */ = {
			isa = PBXTargetDependency;
			target = 49F6094A1D231FA400B69FA3 /* Food Tracker */;
			targetProxy = 49F609601D231FA400B69FA3 /* PBXContainerItemProxy */;
		};
/* End PBXTargetDependency section */

/* Begin PBXVariantGroup section */
		49F609521D231FA400B69FA3 /* Main.storyboard */ = {
			isa = PBXVariantGroup;
			children = (
				49F609531D231FA400B69FA3 /* Base */,
			);
			name = Main.storyboard;
			sourceTree = "<group>";
		};
		49F609571D231FA400B69FA3 /* LaunchScreen.storyboard */ = {
			isa = PBXVariantGroup;
			children = (
				49F609581D231FA400B69FA3 /* Base */,
			);
			name = LaunchScreen.storyboard;
			sourceTree = "<group>";
		};
/* End PBXVariantGroup section */

/* Begin XCBuildConfiguration section */
		49F609661D231FA400B69FA3 /* Debug */ = {
			isa = XCBuildConfiguration;
			buildSettings = {
				ALWAYS_SEARCH_USER_PATHS = NO;
				CLANG_CXX_LANGUAGE_STANDARD = "gnu++0x";
				CLANG_CXX_LIBRARY = "libc++";
				CLANG_ENABLE_MODULES = YES;
				CLANG_ENABLE_OBJC_ARC = YES;
				CLANG_WARN_BOOL_CONVERSION = YES;
				CLANG_WARN_CONSTANT_CONVERSION = YES;
				CLANG_WARN_DIRECT_OBJC_ISA_USAGE = YES_ERROR;
				CLANG_WARN_EMPTY_BODY = YES;
				CLANG_WARN_ENUM_CONVERSION = YES;
				CLANG_WARN_INT_CONVERSION = YES;
				CLANG_WARN_OBJC_ROOT_CLASS = YES_ERROR;
				CLANG_WARN_UNREACHABLE_CODE = YES;
				CLANG_WARN__DUPLICATE_METHOD_MATCH = YES;
				"CODE_SIGN_IDENTITY[sdk=iphoneos*]" = "iPhone Developer";
				COPY_PHASE_STRIP = NO;
				DEBUG_INFORMATION_FORMAT = dwarf;
				ENABLE_STRICT_OBJC_MSGSEND = YES;
				ENABLE_TESTABILITY = YES;
				GCC_C_LANGUAGE_STANDARD = gnu99;
				GCC_DYNAMIC_NO_PIC = NO;
				GCC_NO_COMMON_BLOCKS = YES;
				GCC_OPTIMIZATION_LEVEL = 0;
				GCC_PREPROCESSOR_DEFINITIONS = (
					"DEBUG=1",
					"$(inherited)",
				);
				GCC_WARN_64_TO_32_BIT_CONVERSION = YES;
				GCC_WARN_ABOUT_RETURN_TYPE = YES_ERROR;
				GCC_WARN_UNDECLARED_SELECTOR = YES;
				GCC_WARN_UNINITIALIZED_AUTOS = YES_AGGRESSIVE;
				GCC_WARN_UNUSED_FUNCTION = YES;
				GCC_WARN_UNUSED_VARIABLE = YES;
				IPHONEOS_DEPLOYMENT_TARGET = 9.1;
				MTL_ENABLE_DEBUG_INFO = YES;
				ONLY_ACTIVE_ARCH = YES;
				SDKROOT = iphoneos;
				SWIFT_OPTIMIZATION_LEVEL = "-Onone";
				TARGETED_DEVICE_FAMILY = "1,2";
			};
			name = Debug;
		};
		49F609671D231FA400B69FA3 /* Release */ = {
			isa = XCBuildConfiguration;
			buildSettings = {
				ALWAYS_SEARCH_USER_PATHS = NO;
				CLANG_CXX_LANGUAGE_STANDARD = "gnu++0x";
				CLANG_CXX_LIBRARY = "libc++";
				CLANG_ENABLE_MODULES = YES;
				CLANG_ENABLE_OBJC_ARC = YES;
				CLANG_WARN_BOOL_CONVERSION = YES;
				CLANG_WARN_CONSTANT_CONVERSION = YES;
				CLANG_WARN_DIRECT_OBJC_ISA_USAGE = YES_ERROR;
				CLANG_WARN_EMPTY_BODY = YES;
				CLANG_WARN_ENUM_CONVERSION = YES;
				CLANG_WARN_INT_CONVERSION = YES;
				CLANG_WARN_OBJC_ROOT_CLASS = YES_ERROR;
				CLANG_WARN_UNREACHABLE_CODE = YES;
				CLANG_WARN__DUPLICATE_METHOD_MATCH = YES;
				"CODE_SIGN_IDENTITY[sdk=iphoneos*]" = "iPhone Developer";
				COPY_PHASE_STRIP = NO;
				DEBUG_INFORMATION_FORMAT = "dwarf-with-dsym";
				ENABLE_NS_ASSERTIONS = NO;
				ENABLE_STRICT_OBJC_MSGSEND = YES;
				GCC_C_LANGUAGE_STANDARD = gnu99;
				GCC_NO_COMMON_BLOCKS = YES;
				GCC_WARN_64_TO_32_BIT_CONVERSION = YES;
				GCC_WARN_ABOUT_RETURN_TYPE = YES_ERROR;
				GCC_WARN_UNDECLARED_SELECTOR = YES;
				GCC_WARN_UNINITIALIZED_AUTOS = YES_AGGRESSIVE;
				GCC_WARN_UNUSED_FUNCTION = YES;
				GCC_WARN_UNUSED_VARIABLE = YES;
				IPHONEOS_DEPLOYMENT_TARGET = 9.1;
				MTL_ENABLE_DEBUG_INFO = NO;
				SDKROOT = iphoneos;
				TARGETED_DEVICE_FAMILY = "1,2";
				VALIDATE_PRODUCT = YES;
			};
			name = Release;
		};
		49F609691D231FA400B69FA3 /* Debug */ = {
			isa = XCBuildConfiguration;
			buildSettings = {
				ASSETCATALOG_COMPILER_APPICON_NAME = AppIcon;
				INFOPLIST_FILE = "Food Tracker/Info.plist";
				LD_RUNPATH_SEARCH_PATHS = "$(inherited) @executable_path/Frameworks";
				PRODUCT_BUNDLE_IDENTIFIER = "com.example.Food-Tracker";
				PRODUCT_NAME = "$(TARGET_NAME)";
			};
			name = Debug;
		};
		49F6096A1D231FA400B69FA3 /* Release */ = {
			isa = XCBuildConfiguration;
			buildSettings = {
				ASSETCATALOG_COMPILER_APPICON_NAME = AppIcon;
				INFOPLIST_FILE = "Food Tracker/Info.plist";
				LD_RUNPATH_SEARCH_PATHS = "$(inherited) @executable_path/Frameworks";
				PRODUCT_BUNDLE_IDENTIFIER = "com.example.Food-Tracker";
				PRODUCT_NAME = "$(TARGET_NAME)";
			};
			name = Release;
		};
		49F6096C1D231FA400B69FA3 /* Debug */ = {
			isa = XCBuildConfiguration;
			buildSettings = {
				BUNDLE_LOADER = "$(TEST_HOST)";
				INFOPLIST_FILE = "Food TrackerTests/Info.plist";
				LD_RUNPATH_SEARCH_PATHS = "$(inherited) @executable_path/Frameworks @loader_path/Frameworks";
				PRODUCT_BUNDLE_IDENTIFIER = "com.example.Food-TrackerTests";
				PRODUCT_NAME = "$(TARGET_NAME)";
				TEST_HOST = "$(BUILT_PRODUCTS_DIR)/Food Tracker.app/Food Tracker";
			};
			name = Debug;
		};
		49F6096D1D231FA400B69FA3 /* Release */ = {
			isa = XCBuildConfiguration;
			buildSettings = {
				BUNDLE_LOADER = "$(TEST_HOST)";
				INFOPLIST_FILE = "Food TrackerTests/Info.plist";
				LD_RUNPATH_SEARCH_PATHS = "$(inherited) @executable_path/Frameworks @loader_path/Frameworks";
				PRODUCT_BUNDLE_IDENTIFIER = "com.example.Food-TrackerTests";
				PRODUCT_NAME = "$(TARGET_NAME)";
				TEST_HOST = "$(BUILT_PRODUCTS_DIR)/Food Tracker.app/Food Tracker";
			};
			name = Release;
		};
/* End XCBuildConfiguration section */

/* Begin XCConfigurationList section */
		49F609461D231FA400B69FA3 /* Build configuration list for PBXProject "Food Tracker" */ = {
			isa = XCConfigurationList;
			buildConfigurations = (
				49F609661D231FA400B69FA3 /* Debug */,
				49F609671D231FA400B69FA3 /* Release */,
			);
			defaultConfigurationIsVisible = 0;
			defaultConfigurationName = Release;
		};
		49F609681D231FA400B69FA3 /* Build configuration list for PBXNativeTarget "Food Tracker" */ = {
			isa = XCConfigurationList;
			buildConfigurations = (
				49F609691D231FA400B69FA3 /* Debug */,
				49F6096A1D231FA400B69FA3 /* Release */,
			);
			defaultConfigurationIsVisible = 0;
		};
		49F6096B1D231FA400B69FA3 /* Build configuration list for PBXNativeTarget "Food TrackerTests" */ = {
			isa = XCConfigurationList;
			buildConfigurations = (
				49F6096C1D231FA400B69FA3 /* Debug */,
				49F6096D1D231FA400B69FA3 /* Release */,
			);
			defaultConfigurationIsVisible = 0;
		};
/* End XCConfigurationList section */
	};
	rootObject = 49F609431D231FA400B69FA3 /* Project object */;
}
